schema_version = '1'

[files]
[files.'.dcignore']
last_sync_time = '2026-07-17T22:22:49Z'
source_hash = ''
dest_hash = 'sha256:282c7fc34732562d213ddada4d821d5190ff33ff01cefebbc239296f7821d440'

[files.'.editorconfig']
last_sync_time = '2026-07-17T22:22:49Z'
source_hash = ''
dest_hash = 'sha256:66f9b6e664bf2d00334daff35665d1c4db2ee2139776df961ee550077f72f0a4'

[files.'.gitattributes']
last_sync_time = '2026-07-17T22:22:49Z'
source_hash = ''
dest_hash = 'sha256:88bc7cdd653f141ad69074980ea2aab33409c2139a2f14de16fd6bc6e54c3817'

[files.'.github/CODEOWNERS']
last_sync_time = '2026-07-17T22:22:49Z'
source_hash = ''
dest_hash = 'sha256:0370fa79804d2f4734c02214b9929a035d8682cede2631beab242512df95bc7c'

[files.'.github/dco.yml']
last_sync_time = '2026-07-17T22:22:49Z'
source_hash = ''
dest_hash = 'sha256:7dd87ff71dc8fb0b8e4687260c3be516c01945b385d52bc80886480d511b6d13'

[files.'.github/workflows/dependabot-auto-merge.yml']
last_sync_time = '2026-07-17T22:22:49Z'
source_hash = ''
dest_hash = 'sha256:03154863783dd94419b1eec592dc272255f7c4471188d77fe566c07af59aa7e4'

[files.'.github/workflows/update-on-push.yml']
last_sync_time = '2026-07-17T22:22:49Z'
source_hash = ''
dest_hash = 'sha256:2bc7eb6e2ce81b0a7421b3fcf4b7fa55ccdef10710d0f6b8edb653ae8572952f'

[files.'.github/zizmor.yml']
last_sync_time = '2026-07-17T22:22:49Z'
source_hash = ''
dest_hash = 'sha256:d18075679be812adf274e9c9b1b11bca667aae81d079462dbdc6019204c82d7c'

[files.'.golangci.yml']
last_sync_time = '2026-07-17T22:22:48Z'
source_hash = ''
dest_hash = 'sha256:b2a7e3f66709be1d974da10ac58ea3081c6816a6d54c8e8e355e97eb8c8f48f8'

[files.'.gommit.toml']
last_sync_time = '2026-07-17T22:22:49Z'
source_hash = ''
dest_hash = 'sha256:8b99cde1f1b1b81c0e067c5d6953dd5c7e850e7978c6a3fcfc3af62574c5463e'

[files.'.kiro/steering/go-code-conventions.md']
last_sync_time = '2026-07-17T22:22:48Z'
source_hash = ''
dest_hash = 'sha256:11b469151a2618f78a3d7810162a4eee591d9def5d7246437c06aa5bb95e4dbb'

[files.'.kiro/steering/markdown-style.md']
last_sync_time = '2026-07-17T22:22:49Z'
source_hash = ''
dest_hash = 'sha256:2237fefd77ead167299dba77b9867210ac6a99807e850102bb8e62b4a5f372cc'

[files.'.kirograph/.gitignore']
last_sync_time = '2026-07-17T22:22:49Z'
source_hash = ''
dest_hash = 'sha256:7ac823d020226850ad79201f67c54ece6a513573c46aca2ae3b3fb3c2cafb363'

[files.'.rumdl.toml']
last_sync_time = '2026-07-17T22:22:49Z'
source_hash = ''
dest_hash = 'sha256:7029313132bb91a5d59e29524fe18c3c97fb5ce46a4427792e5d395177ac270a'

[files.'.shellcheckrc']
last_sync_time = '2026-07-17T22:22:49Z'
source_hash = ''
dest_hash = 'sha256:64f0be43f9a3a049d5e56951767113f21900269f1f4ac33a63f9d19111142352'

[files.'.shuck.toml']
last_sync_time = '2026-07-17T22:22:49Z'
source_hash = ''
dest_hash = 'sha256:835ba2f43b09defb26cc31b569e87f54810411993084051fc524a7a367534e53'

[files.'.taplo.toml']
last_sync_time = '2026-07-17T22:22:49Z'
source_hash = ''
dest_hash = 'sha256:4dddd90976ca596b7c5cb8a24020d0fbcd0608340670f72ecb314e1ff06c516d'

[files.'.vscode/README.md']
last_sync_time = '2026-07-17T22:22:49Z'
source_hash = ''
dest_hash = 'sha256:d622d7189f6a48cbdb4e298ac0ac23e2801639d40c91d4b06eec4923b6ad11dc'

[files.'.vscode/extensions-golang.toml']
last_sync_time = '2026-07-17T22:22:48Z'
source_hash = ''
dest_hash = 'sha256:bd09be72620b46f45b3798c1fe414da693e2de28c5987849efed7b425e8f573b'

[files.'.vscode/extensions-standard.toml']
last_sync_time = '2026-07-17T22:22:49Z'
source_hash = ''
dest_hash = 'sha256:6e4c2353bb760714100dd5332ac877612930d23fca2b0fc71715aa7933bb7fb7'

[files.'.vscode/extensions.sh']
last_sync_time = '2026-07-17T22:22:49Z'
source_hash = ''
dest_hash = 'sha256:d525ead29cc7ddab318b5376924a61171fa7da3cdfa7d69203dacbf297eb2976'

[files.'.vscode/settings-golang.toml']
last_sync_time = '2026-07-17T22:22:49Z'
source_hash = ''
dest_hash = 'sha256:c1efc9e31bbd67ed5011a12c390ddf3fa37dc5153ac2d154bbf93df0c9e6ba0b'

[files.'.vscode/settings-llm.toml']
last_sync_time = '2026-07-17T22:22:49Z'
source_hash = ''
dest_hash = 'sha256:94bbbdabe84fc9e899b566ed20dfc44f7bb1e542c8ee18a9d8879d554811140e'

[files.'.vscode/settings-ros.toml']
last_sync_time = '2026-07-17T22:22:49Z'
source_hash = ''
dest_hash = 'sha256:4390e4b17740e84c594b9ca41ec20d4319cfed464612e5ebfbe7e1a2b9bdea60'

[files.'.vscode/settings-standard.toml']
last_sync_time = '2026-07-17T22:22:49Z'
source_hash = ''
dest_hash = 'sha256:dd0a0eade759a13b1f7414a6ad5d28e69d463bc8ff61f121abd6c8479566933b'

[files.'.vscode/settings.sh']
last_sync_time = '2026-07-17T22:22:49Z'
source_hash = ''
dest_hash = 'sha256:40f8b9893bfc72b3efff1f2fe0c30f99387d6d7c39adfe0c581c419b95efa425'

[files.Makefile]
last_sync_time = '2026-07-17T22:22:49Z'
source_hash = ''
dest_hash = 'sha256:682525d5f96c552b6ad00496bae95e238d4f9fb0331b6f38868322def11db6b9'

[files.'Taskfile.dist.yml']
last_sync_time = '2026-07-17T22:22:50Z'
source_hash = ''
dest_hash = 'sha256:a0d2d13ec97473927aeb06283b2c485ddf494212c71ed710f744c044e238c304'

[files.'cliff.toml']
last_sync_time = '2026-07-17T22:22:49Z'
source_hash = ''
dest_hash = 'sha256:4e1055ea24a40ccf23d415262b14eed1bee75aec688629c3e26d23da20b18ec6'

[files.'ecrc.toml']
last_sync_time = '2026-07-17T22:22:50Z'
source_hash = ''
dest_hash = 'sha256:9a1b915c24a73f9443a2505dd04fb7c34ca57311d841b0793693232c8f31618f'

[files.'hk.pkl']
last_sync_time = '2026-07-17T22:22:49Z'
source_hash = ''
dest_hash = 'sha256:7e4ae641fd8116a65ac92d8b5ad7e9d44e0da1de8c08417d1ef29da796332501'

[files.'lychee.toml']
last_sync_time = '2026-07-17T22:22:49Z'
source_hash = ''
dest_hash = 'sha256:f189d7d4c294f16213e6a960e0be516cbb0f73f4df6afa2926f1102c80b1ecf2'

[files.'scripts/generate-contributors.sh']
last_sync_time = '2026-07-17T22:22:49Z'
source_hash = ''
dest_hash = 'sha256:592727f74c07f3d3929c8d6e1c9768d461901b88642a6f53c21f9c72f4e1c8ee'

[files.'tools/Brewfile.golang']
last_sync_time = '2026-07-17T22:22:49Z'
source_hash = ''
dest_hash = 'sha256:a62e3351eedfbbc596ac16cfebfd50368067e9e0dc00ce9f58d74e66f6155dd1'

[files.'tools/Brewfile.standard']
last_sync_time = '2026-07-17T22:22:50Z'
source_hash = ''
dest_hash = 'sha256:c7d6f1b1413e479177bf7688d27ebc519eb1017b1ae4f1a4465eccb28ca1f57a'

[files.'tools/Taskfile.admin.yml']
last_sync_time = '2026-07-17T22:22:50Z'
source_hash = ''
dest_hash = 'sha256:a051208ee7a4fb678bd6087bb457a6db2c032dded0d42dcc5711d5958c14fe42'

[files.'tools/Taskfile.gitconfig.yml']
last_sync_time = '2026-07-17T22:22:50Z'
source_hash = ''
dest_hash = 'sha256:9cec8f98d69082fe0ee64561040aac7d45fc2ddd9c9a32935d4f230cd0770bb5'

[files.'tools/Taskfile.golang.yml']
last_sync_time = '2026-07-17T22:22:49Z'
source_hash = ''
dest_hash = 'sha256:19e63fe7a3c430e94f202f1e11455c8bb7514ac13a63905341711e43982ac4d9'

[files.'tools/Taskfile.internal.yml']
last_sync_time = '2026-07-17T22:22:50Z'
source_hash = ''
dest_hash = 'sha256:0fbf414702b857f426fe58c243ef4ebbfc3756f8f9b2b7b2c463ccfb16cf54f5'

[files.'tools/Taskfile.kiro.yml']
last_sync_time = '2026-07-17T22:22:50Z'
source_hash = ''
dest_hash = 'sha256:884076ad6baa6da72b48320d5b3adf882e6218f9b065d586d1c411c74116da8b'

[files.'tools/ogvs.config.yaml']
last_sync_time = '2026-07-17T22:22:50Z'
source_hash = ''
dest_hash = 'sha256:9d73bf69dc01d7ab0b571a4caf3ac1cc092fd053440855f3d322a2fbf05f8c0c'

[files.'trivy-license.yaml']
last_sync_time = '2026-07-17T22:22:49Z'
source_hash = ''
dest_hash = 'sha256:474ffe4049c40354708e12c51d87ef3b1692de5aa26351c9fd9956a431b7390e'

[files.'trivy-vuln.yaml']
last_sync_time = '2026-07-17T22:22:49Z'
source_hash = ''
dest_hash = 'sha256:5a4cf755416da735cf71fba08e55953dcf178beae08a7153fd029b8eeb8b5f72'
