schema_version = '1'

[files]
[files.'.config/mise/conf.d/tools.golang.toml']
last_sync_time = '2026-05-09T07:23:07Z'
source_hash = ''
dest_hash = 'sha256:242b7f9c4e6f485696f076a048887c3fb95b9805a0cb91a8d49ed99647f7660a'

[files.'.config/mise/conf.d/tools.standard.toml']
last_sync_time = '2026-05-10T17:16:53Z'
source_hash = ''
dest_hash = 'sha256:9025be58801b28d69359bd1acf2622c6fac82e9e1fbc150d57ee95177ae58395'

[files.'.dcignore']
last_sync_time = '2026-05-25T07:16:10Z'
source_hash = ''
dest_hash = 'sha256:282c7fc34732562d213ddada4d821d5190ff33ff01cefebbc239296f7821d440'

[files.'.editorconfig']
last_sync_time = '2026-05-25T07:16:10Z'
source_hash = ''
dest_hash = 'sha256:66f9b6e664bf2d00334daff35665d1c4db2ee2139776df961ee550077f72f0a4'

[files.'.git-blame-ignore-revs']
last_sync_time = '2026-05-17T00:29:47Z'
source_hash = ''
dest_hash = 'sha256:3bec63195a5ab3ff6069b0b8f34fd3570238693d1f9f433f10fb87d7ce8d503d'

[files.'.gitattributes']
last_sync_time = '2026-05-25T20:24:39Z'
source_hash = ''
dest_hash = 'sha256:88bc7cdd653f141ad69074980ea2aab33409c2139a2f14de16fd6bc6e54c3817'

[files.'.githooks/commit-msg.sh']
last_sync_time = '2026-05-03T01:39:29Z'
source_hash = ''
dest_hash = 'sha256:218fec635ae77d9c3c2a41ee622e1a1698f693c979fee090789e012ac533c13a'

[files.'.github/CODEOWNERS']
last_sync_time = '2026-05-25T07:16:10Z'
source_hash = ''
dest_hash = 'sha256:0370fa79804d2f4734c02214b9929a035d8682cede2631beab242512df95bc7c'

[files.'.github/dco.yml']
last_sync_time = '2026-05-04T19:51:03Z'
source_hash = ''
dest_hash = 'sha256:7dd87ff71dc8fb0b8e4687260c3be516c01945b385d52bc80886480d511b6d13'

[files.'.golangci.yml']
last_sync_time = '2026-05-25T07:16:10Z'
source_hash = ''
dest_hash = 'sha256:b86aad17e8a07728f9a78383c07d3da2beb817a6266918db357a2a5fbc01e4d1'

[files.'.gommit.toml']
last_sync_time = '2026-05-04T05:39:52Z'
source_hash = ''
dest_hash = 'sha256:8b99cde1f1b1b81c0e067c5d6953dd5c7e850e7978c6a3fcfc3af62574c5463e'

[files.'.kiro/steering/go-zero-diagnostics.md']
last_sync_time = '2026-05-25T07:16:10Z'
source_hash = ''
dest_hash = 'sha256:11b469151a2618f78a3d7810162a4eee591d9def5d7246437c06aa5bb95e4dbb'

[files.'.kiro/steering/markdown-style.md']
last_sync_time = '2026-05-25T20:24:39Z'
source_hash = ''
dest_hash = 'sha256:69725397b647b04784294624cba1a0af894a0a09c70380f74a2fe6e946cc0638'

[files.'.rumdl.toml']
last_sync_time = '2026-05-25T20:24:39Z'
source_hash = ''
dest_hash = 'sha256:e41434f3ffa971c614ae2c0c02f889c0035a21104aeba6a72d82d0145cb16f1c'

[files.'.shellcheckrc']
last_sync_time = '2026-04-30T04:56:36Z'
source_hash = ''
dest_hash = 'sha256:64f0be43f9a3a049d5e56951767113f21900269f1f4ac33a63f9d19111142352'

[files.'.taplo.toml']
last_sync_time = '2026-05-25T20:24:39Z'
source_hash = ''
dest_hash = 'sha256:b3970b7b1f24788e84b48b2ff7327d2a956fbe9d250f37b07976926054791432'

[files.'.trivyignore']
last_sync_time = '2026-05-03T01:41:18Z'
source_hash = ''
dest_hash = 'sha256:918c071d276f59e46cc0d08544c3dc43f12426c192456d8bdf0ec4213629f446'

[files.'.vscode/README.md']
last_sync_time = '2026-05-01T18:33:04Z'
source_hash = ''
dest_hash = 'sha256:d622d7189f6a48cbdb4e298ac0ac23e2801639d40c91d4b06eec4923b6ad11dc'

[files.'.vscode/extensions-golang.toml']
last_sync_time = '2026-05-09T00:54:05Z'
source_hash = ''
dest_hash = 'sha256:ba41fd7a129dcd20d898700c97b5bee143d7a832eb6d0fb959d7a9a2f3361810'

[files.'.vscode/extensions-standard.toml']
last_sync_time = '2026-05-09T00:40:30Z'
source_hash = ''
dest_hash = 'sha256:036bd5cd077eddc5896822af6493fdffc27c91eaea2d18ed1649bd86a91bbc57'

[files.'.vscode/extensions.sh']
last_sync_time = '2026-05-17T19:53:12Z'
source_hash = ''
dest_hash = 'sha256:d525ead29cc7ddab318b5376924a61171fa7da3cdfa7d69203dacbf297eb2976'

[files.'.vscode/settings-go.toml']
last_sync_time = '2026-05-17T22:08:19Z'
source_hash = ''
dest_hash = 'sha256:505ea96c94be42c5af23314a1c0409508deeb6a5694957c52bca53f1819a0827'

[files.'.vscode/settings-golang.toml']
last_sync_time = '2026-05-25T06:14:46Z'
source_hash = ''
dest_hash = 'sha256:c1efc9e31bbd67ed5011a12c390ddf3fa37dc5153ac2d154bbf93df0c9e6ba0b'

[files.'.vscode/settings-llm.toml']
last_sync_time = '2026-05-17T19:53:12Z'
source_hash = ''
dest_hash = 'sha256:8a6f92cdea30d6c0b3b797f1541cbac5910dec52a07ff6c27b0134c41cb2e871'

[files.'.vscode/settings-ros.toml']
last_sync_time = '2026-05-25T07:16:10Z'
source_hash = ''
dest_hash = 'sha256:4390e4b17740e84c594b9ca41ec20d4319cfed464612e5ebfbe7e1a2b9bdea60'

[files.'.vscode/settings-standard.toml']
last_sync_time = '2026-05-17T19:53:13Z'
source_hash = ''
dest_hash = 'sha256:24a00b5cc2809aac3f9464d9fa1c5554018996a292b6e54317b670e120fffd96'

[files.'.vscode/settings.sh']
last_sync_time = '2026-05-17T19:53:12Z'
source_hash = ''
dest_hash = 'sha256:40f8b9893bfc72b3efff1f2fe0c30f99387d6d7c39adfe0c581c419b95efa425'

[files.'.yamlfmt.yml']
last_sync_time = '2026-05-03T01:45:01Z'
source_hash = ''
dest_hash = 'sha256:976dc44e80ad09b5dc28fc020566782e9f9845371091f540b64628592f92c291'

[files.'ecrc.toml']
last_sync_time = '2026-05-14T02:30:45Z'
source_hash = ''
dest_hash = 'sha256:280af3293caf54f6c15e7ac6eee7f813b80fa88d4a3b7fe518f334b38e1e4fdd'

[files.'hk.pkl']
last_sync_time = '2026-05-25T20:24:39Z'
source_hash = ''
dest_hash = 'sha256:7c78240808282ea53f988b68a2337d49537692aefc37b9d45d40cb3c26299c7c'

[files.'lychee.toml']
last_sync_time = '2026-05-25T07:16:10Z'
source_hash = ''
dest_hash = 'sha256:c585ef493427b4c4fc685d271cc3070123d4cece90344f6a6aa2fa07aafed4b6'

[files.'osv-scanner.toml']
last_sync_time = '2026-05-04T19:51:03Z'
source_hash = ''
dest_hash = 'sha256:6dde1b2be039f8f81a099414f8e03802d5c55713cabac8bddba091892a9afd46'

[files.'tools/Brewfile.golang']
last_sync_time = '2026-05-19T01:30:17Z'
source_hash = ''
dest_hash = 'sha256:a62e3351eedfbbc596ac16cfebfd50368067e9e0dc00ce9f58d74e66f6155dd1'

[files.'tools/Brewfile.standard']
last_sync_time = '2026-05-25T06:07:17Z'
source_hash = ''
dest_hash = 'sha256:2d879cf64760a29523625fb2a95cb8fbc07f109fa7a0e4061e8832b6e8bc94f9'

[files.'tools/Taskfile.admin.yml']
last_sync_time = '2026-05-19T02:06:47Z'
source_hash = ''
dest_hash = 'sha256:a051208ee7a4fb678bd6087bb457a6db2c032dded0d42dcc5711d5958c14fe42'

[files.'tools/Taskfile.gitconfig.yml']
last_sync_time = '2026-05-19T01:49:51Z'
source_hash = ''
dest_hash = 'sha256:9cec8f98d69082fe0ee64561040aac7d45fc2ddd9c9a32935d4f230cd0770bb5'

[files.'tools/Taskfile.golang.yml']
last_sync_time = '2026-05-19T02:28:05Z'
source_hash = ''
dest_hash = 'sha256:ca610137685f5e2656816f5258af2a6dcd6440ad918bce4f4c05c473df86b001'

[files.'tools/Taskfile.internal.yml']
last_sync_time = '2026-05-19T02:28:38Z'
source_hash = ''
dest_hash = 'sha256:68308208fc2469cf31af812a1bb854fa6a1c5d9ccd9fb86f02bbce76b9252847'

[files.'tools/go-tool-golang.sh']
last_sync_time = '2026-05-10T17:16:53Z'
source_hash = ''
dest_hash = 'sha256:5419483412971408f2f8855feaf876b374fc466838a328dfd665af078ebbd9dc'

[files.'tools/go-tool-standard.sh']
last_sync_time = '2026-05-13T04:43:23Z'
source_hash = ''
dest_hash = 'sha256:8c045609e4efc0c1b40428c39714af7e829949cbeab468063594f764bec0d851'

[files.'tools/ogvs.config.yaml']
last_sync_time = '2026-05-25T07:16:10Z'
source_hash = ''
dest_hash = 'sha256:9d73bf69dc01d7ab0b571a4caf3ac1cc092fd053440855f3d322a2fbf05f8c0c'

[files.'trivy-license.yaml']
last_sync_time = '2026-05-19T03:48:51Z'
source_hash = ''
dest_hash = 'sha256:474ffe4049c40354708e12c51d87ef3b1692de5aa26351c9fd9956a431b7390e'

[files.'trivy-vuln.yaml']
last_sync_time = '2026-05-04T05:00:35Z'
source_hash = ''
dest_hash = 'sha256:5a4cf755416da735cf71fba08e55953dcf178beae08a7153fd029b8eeb8b5f72'
